
Microsoft Visual Studio Solution File, Format Version 12.00
# Visual Studio Version 17
VisualStudioVersion = 17.8.34525.116
MinimumVisualStudioVersion = 10.0.40219.1
Project("{8BC9CEB8-8B4A-11D0-8D11-00A0C91BC942}") = "C++Lab1", "C++Lab1\C++Lab1.vcxproj", "{7284ADB3-BD4B-45B2-B5C0-C0D318572804}"
EndProject
Global
	GlobalSection(SolutionConfigurationPlatforms) = preSolution
		Debug|x64 = Debug|x64
		Debug|x86 = Debug|x86
		Release|x64 = Release|x64
		Release|x86 = Release|x86
	EndGlobalSection
	GlobalSection(ProjectConfigurationPlatforms) = postSolution
		{7284ADB3-BD4B-45B2-B5C0-C0D318572804}.Debug|x64.ActiveCfg = Debug|x64
		{7284ADB3-BD4B-45B2-B5C0-C0D318572804}.Debug|x64.Build.0 = Debug|x64
		{7284ADB3-BD4B-45B2-B5C0-C0D318572804}.Debug|x86.ActiveCfg = Debug|Win32
		{7284ADB3-BD4B-45B2-B5C0-C0D318572804}.Debug|x86.Build.0 = Debug|Win32
		{7284ADB3-BD4B-45B2-B5C0-C0D318572804}.Release|x64.ActiveCfg = Release|x64
		{7284ADB3-BD4B-45B2-B5C0-C0D318572804}.Release|x64.Build.0 = Release|x64
		{7284ADB3-BD4B-45B2-B5C0-C0D318572804}.Release|x86.ActiveCfg = Release|Win32
		{7284ADB3-BD4B-45B2-B5C0-C0D318572804}.Release|x86.Build.0 = Release|Win32
	EndGlobalSection
	GlobalSection(SolutionProperties) = preSolution
		HideSolutionNode = FALSE
	EndGlobalSection
	GlobalSection(ExtensibilityGlobals) = postSolution
		SolutionGuid = {CD38335F-5A3A-49E1-9348-8CC0945FAF60}
	EndGlobalSection
EndGlobal
